lockfileVersion: '9.0'

settings:
  autoInstallPeers: true
  excludeLinksFromLockfile: false

importers:

  .:
    devDependencies:
      '@aws-sdk/client-ec2':
        specifier: ^3.1079.0
        version: 3.1079.0
      esbuild:
        specifier: 0.28.1
        version: 0.28.1

packages:

  '@aws-sdk/client-ec2@3.1079.0':
    resolution: {integrity: sha512-++opIQshVU9iKeD9ISUGZEWVq+ms8Lc/2G0TJC6aowml4mIlo1LL9Wsb/C0dNulbk8WBIBHSACY6s9dyVrpQ8Q==}
    engines: {node: '>=20.0.0'}

  '@aws-sdk/core@3.974.27':
    resolution: {integrity: sha512-WRWEgIq6vx+NU6ot3VrRu4Jovj9MIObitSi6of/GV5THDDPccBhivCRNkWJutMM+m3GvdeI3l/UbGNcoOobxOA==}
    engines: {node: '>=20.0.0'}

  '@aws-sdk/credential-provider-env@3.972.53':
    resolution: {integrity: sha512-+KDA3uc/HZ1vIneGu5QMQb0gAXDYrm2vOE60+BJ7lS0YinMQ5i2oV4PR1A16XkF6K1IbSwjEHd1hQIIgMsK48w==}
    engines: {node: '>=20.0.0'}

  '@aws-sdk/credential-provider-http@3.972.55':
    resolution: {integrity: sha512-1gBfkWY3RWeBlCoB9lIJjXMx45/54wxcgfzv6BY9otTmMrZPcNPi1v+MwZxxaCUg441NV3jsr1efnFNCXiW70g==}
    engines: {node: '>=20.0.0'}

  '@aws-sdk/credential-provider-ini@3.972.60':
    resolution: {integrity: sha512-CV2md+PXvABwRjApWGhQ0wACy9WSFIhnUGrovLcjnjBCd/46TbuivLADtkF8IWNjtCQmQ+2IagSaxqBYqXBNAQ==}
    engines: {node: '>=20.0.0'}

  '@aws-sdk/credential-provider-login@3.972.59':
    resolution: {integrity: sha512-JG4S9yyA1GFzJdJXqLKrUzZbyK+VDp2QIsJD7YOicJHAhqymfHpDJIok2dLnhOdVB0I37RjdC53uOwCMVS00gw==}
    engines: {node: '>=20.0.0'}

  '@aws-sdk/credential-provider-node@3.972.62':
    resolution: {integrity: sha512-S6Slq3Tx7bvFk5yc34XNADyZYTX2HUXvaFAnowGRQnhjBO8J/mP62Fn7lxvJwjaDyYm/7gh9h6HEHaltRyMFXw==}
    engines: {node: '>=20.0.0'}

  '@aws-sdk/credential-provider-process@3.972.53':
    resolution: {integrity: sha512-EhfH+MQlqOMCkXIVa8MMObPzAQqwTTtxA7KhEJiyPeuNVA8PLOOUpgK7nBrgaDaGiIDLN/9LpGdaHuDjomeRTw==}
    engines: {node: '>=20.0.0'}

  '@aws-sdk/credential-provider-sso@3.972.59':
    resolution: {integrity: sha512-h8793pOjcImx0SB+VcLONcaQQ57VAvKVuqyewQMRKqqH+CSXsG2dwOeLMUJPMxLdNvL7dXOM0ueTukyNUnu5mA==}
    engines: {node: '>=20.0.0'}

  '@aws-sdk/credential-provider-web-identity@3.972.59':
    resolution: {integrity: sha512-VoyO9+vl3XVmpZwn4obskrWIkrA/Jf3lSe1E3ZERlaN9u0D4YZ6+HywC3+L98QOXqZesEfedk67gRER8tK8+8w==}
    engines: {node: '>=20.0.0'}

  '@aws-sdk/middleware-sdk-ec2@3.972.41':
    resolution: {integrity: sha512-QsRHSajtG9RhcwKNr5WPBq6BDvO1dcNjTbROWaaDz/e5x/ndkOEMbBDsNVQEIvOPYW7q7YwN309orXjyZboe1w==}
    engines: {node: '>=20.0.0'}

  '@aws-sdk/nested-clients@3.997.27':
    resolution: {integrity: sha512-A8PIePF9NIIOJ/4Lg1rl9xm/+QaKkHGetq+Z9wb5B+3Da31YYXRo8n7IDMh5C+HQI5eyEmjrwkGWVdYtnLtbXQ==}
    engines: {node: '>=20.0.0'}

  '@aws-sdk/signature-v4-multi-region@3.996.38':
    resolution: {integrity: sha512-C379Sk+MiFZCfWZphKlMyLHKxV22OjoGM5KJjj5IJNJcOCWL4IGIpnEGzv1FQiRwhYXfq55SJMfxlqPE08JJ9g==}
    engines: {node: '>=20.0.0'}

  '@aws-sdk/token-providers@3.1079.0':
    resolution: {integrity: sha512-cbietrLlHPhhmbnMPTuDS4Zj/KNGhY+3vVhn6dwjO6Dqzrwothzg2srtcY34T9mlICsTXn34avDoWLHSntP54A==}
    engines: {node: '>=20.0.0'}

  '@aws-sdk/types@3.973.15':
    resolution: {integrity: sha512-IULn8uBV/SMtmOIANsm4WHXIOtVPBWfOWs3WGL0j/sI+KhaYehvOw0ET+9urnn8MBpiijuU/0JOpuwKOE451PQ==}
    engines: {node: '>=20.0.0'}

  '@aws-sdk/xml-builder@3.972.33':
    resolution: {integrity: sha512-ezbwz9WpuLctm6o7P2t2naDhVVPI5jFGrVefVybhcKGjU57VIyT46pQVO0RI2RYkUdhdj2Z9uSIlAzGZE9NW9A==}
    engines: {node: '>=20.0.0'}

  '@aws/lambda-invoke-store@0.3.0':
    resolution: {integrity: sha512-sl4Bm6yiMNYrZKkqqDFWN0UfnWhlS8ivKxrYl+6t0gCLrqr8y3B2IqZZbFRkfaVVp7C/baApyh71P+LeE1A2sQ==}
    engines: {node: '>=18.0.0'}

  '@esbuild/aix-ppc64@0.28.1':
    resolution: {integrity: sha512-Svl7tq8k/08+p6CXPpRjQ1fKX+1odH/BQbb48fV6fj3CWHhsoIOoY87w1oHXm0qEpkIK3ZfVgp0hed3XBXzXMQ==}
    engines: {node: '>=18'}
    cpu: [ppc64]
    os: [aix]

  '@esbuild/android-arm64@0.28.1':
    resolution: {integrity: sha512-34EGEbCIAgosYz6goLcopX6Mo7NyGv9tfwEM2/7Ce2VcVRk568iSvniGWcUXIy7wEDR1wzolcxcriFVrWYcwBg==}
    engines: {node: '>=18'}
    cpu: [arm64]
    os: [android]

  '@esbuild/android-arm@0.28.1':
    resolution: {integrity: sha512-0k2F129Xdio1TdJfzJ8sy1Q47vUD2NnwdhiAf7drUN1EBTfPf4hsFCtmMgu/6m8JSzsBrlmVjudMBQqOfG8usQ==}
    engines: {node: '>=18'}
    cpu: [arm]
    os: [android]

  '@esbuild/android-x64@0.28.1':
    resolution: {integrity: sha512-dbwY7ltSMDWsRatcRpCnES4F+im88OCUgGZjy52shC7GqHRE/cYlxNbB4Z4UpJswpcc4Qxd2oE/ufM0p61IKng==}
    engines: {node: '>=18'}
    cpu: [x64]
    os: [android]

  '@esbuild/darwin-arm64@0.28.1':
    resolution: {integrity: sha512-TZbWkQY7kvTAXbXUT7uVACR5cMHsDiSz9z7ZKAX/RTq/WJEk3QyRr0wZpNhBDX+/0CtdqUIJlOiodQcta6tY3Q==}
    engines: {node: '>=18'}
    cpu: [arm64]
    os: [darwin]

  '@esbuild/darwin-x64@0.28.1':
    resolution: {integrity: sha512-zfdzgK9ACBNZLI/CyHTOx81SyNbM6YXn7rxSgX97VjyiPl9W1i4Ka4fgKECEoFCKGpvBj5qArWIGgQjOwkgskQ==}
    engines: {node: '>=18'}
    cpu: [x64]
    os: [darwin]

  '@esbuild/freebsd-arm64@0.28.1':
    resolution: {integrity: sha512-wG2EA8ENdEI0qhkSZMjfqrdY+ziCYCPMmtZjjIwOmXFjmyzEHn+UUxk5of+SYsjtfs3VpnlC7QLzSI5hY/rOAw==}
    engines: {node: '>=18'}
    cpu: [arm64]
    os: [freebsd]

  '@esbuild/freebsd-x64@0.28.1':
    resolution: {integrity: sha512-i7dZ9vQgnvSCzi/rYCXNgtF/U+eKZNJBzu3eTQbRgHnM7tNSizLOkRFAl3qzVc/Op/u5YkHHa4pf/3DOYHthLQ==}
    engines: {node: '>=18'}
    cpu: [x64]
    os: [freebsd]

  '@esbuild/linux-arm64@0.28.1':
    resolution: {integrity: sha512-yHs+0uc8+nvEAfAfxrWQKK5peSNzBc4PegcMO0EJ2hT71uA7vB8Ihg2e77R2P7SG5uYjPbHlLLmve4LLLRCf0g==}
    engines: {node: '>=18'}
    cpu: [arm64]
    os: [linux]

  '@esbuild/linux-arm@0.28.1':
    resolution: {integrity: sha512-qVXBOHQS+d5Y722GwJzJUtOLlX7km3CraOaGormF1pDtPd2C/l1SHRPgjLunLGe51Sh5YYWKMFDyV4SxgMQYTQ==}
    engines: {node: '>=18'}
    cpu: [arm]
    os: [linux]

  '@esbuild/linux-ia32@0.28.1':
    resolution: {integrity: sha512-d1z4ZuP0ajrfz/FhGT4vv278rX8KnPPJx8i5+AtK7TYbx9Le9F1hyzurZpkEyjkGa9dUGhQow4C1NmeGvqxN2w==}
    engines: {node: '>=18'}
    cpu: [ia32]
    os: [linux]

  '@esbuild/linux-loong64@0.28.1':
    resolution: {integrity: sha512-M5sRjUVZrkm1OAPR3dlOYzNmN+loZKGVi1VUQGrwuqLcbR6qeAz+famMhjASeH3YVKvZz+zT1jlh/keC3Rj/lg==}
    engines: {node: '>=18'}
    cpu: [loong64]
    os: [linux]

  '@esbuild/linux-mips64el@0.28.1':
    resolution: {integrity: sha512-mRObBZeHh2OxcBFPWE/FjylkRgZdYuiTR3vaTozquCGOH14iP9oN4x4Ge81CoIDYQrXmIxpFumJBu5MtZpnQJQ==}
    engines: {node: '>=18'}
    cpu: [mips64el]
    os: [linux]

  '@esbuild/linux-ppc64@0.28.1':
    resolution: {integrity: sha512-slScBsMAb3GFDcdrCgLwZtPYRoH2H/youv10QiZyRjmsP48fznoveWytSgCI/R0ZcUgpc0ZhIUEx6LHts8yrfQ==}
    engines: {node: '>=18'}
    cpu: [ppc64]
    os: [linux]

  '@esbuild/linux-riscv64@0.28.1':
    resolution: {integrity: sha512-kw0owk1o0GFETUJyW0jc0G4Yzs0BHZn0JDZ8JRT088vjJYX777BAs1fDGxAC+q831qOs2DTC96mNsG2opdfyyQ==}
    engines: {node: '>=18'}
    cpu: [riscv64]
    os: [linux]

  '@esbuild/linux-s390x@0.28.1':
    resolution: {integrity: sha512-/lAIjX8aYFRByhh6L5rYtPEDRqa9de/4V/juOXcta5frjvzXO4/sqEtyytse0g3zZFuWu5cDN0MkLz2qRDD2Ag==}
    engines: {node: '>=18'}
    cpu: [s390x]
    os: [linux]

  '@esbuild/linux-x64@0.28.1':
    resolution: {integrity: sha512-u/anNYF2mmVOEDwLtnQ1wOr3EZ9sTNGLWrsYGYwHWzGA3Si84IOkHXlbWTD1NB+9/1lcnweYKO54uhxZydNzfA==}
    engines: {node: '>=18'}
    cpu: [x64]
    os: [linux]

  '@esbuild/netbsd-arm64@0.28.1':
    resolution: {integrity: sha512-oks0DYbLwWMmaakTsCb+zL4E+aHRVLom9IJZOAthMQEPiQmydXHkziYEsGYRx0uNV/IjEKGAV941JzH02pflqw==}
    engines: {node: '>=18'}
    cpu: [arm64]
    os: [netbsd]

  '@esbuild/netbsd-x64@0.28.1':
    resolution: {integrity: sha512-aeL6lAnN89Hz43Mlh1G8ARasbuoYvSITDEx0tHh5b7jJnHcssqgjy9Yx430GDpmCa6OyrKoS0aNRjKundRizGg==}
    engines: {node: '>=18'}
    cpu: [x64]
    os: [netbsd]

  '@esbuild/openbsd-arm64@0.28.1':
    resolution: {integrity: sha512-MEFJe5C3R8pwXdZ5Y21oo6m7ePiS0d9pWucn99O/wvyJZChoIQKrQDxKrGeW8F5+T0okTHesAmDeiHDTIq0V/Q==}
    engines: {node: '>=18'}
    cpu: [arm64]
    os: [openbsd]

  '@esbuild/openbsd-x64@0.28.1':
    resolution: {integrity: sha512-i/ZLIOafE0Z8cI/XANJAixoJL/uRAoS2xOA3rb0xN+KK0K177cMAsQYkzHtBrtMXAKuAc7HGgcWiZ/sRC1Nxgw==}
    engines: {node: '>=18'}
    cpu: [x64]
    os: [openbsd]

  '@esbuild/openharmony-arm64@0.28.1':
    resolution: {integrity: sha512-ge+Z7EXFNt2BO1oAMsVpiQ8EwndV9i1xXerAeTIK7AtPs3bKFXQM7nlRxDSIUIMeueR1CNXxqztLzdNeReKBJg==}
    engines: {node: '>=18'}
    cpu: [arm64]
    os: [openharmony]

  '@esbuild/sunos-x64@0.28.1':
    resolution: {integrity: sha512-BEjgtECkL3vY+SaSQ6nzVfiALUeFxpawyp8Jmf5PtYhf1Ug40N1h/hxlhts+f1FvSvarEigdxS3BlSMI2PJLcQ==}
    engines: {node: '>=18'}
    cpu: [x64]
    os: [sunos]

  '@esbuild/win32-arm64@0.28.1':
    resolution: {integrity: sha512-lCv9eK/H6ZJWbE7bh2nw54CZ9M2nupBxJcTsdk/QQnWkdSjKGuxmmH8/GWrlT1eMmZfn4dGcCjRte397WqfQXA==}
    engines: {node: '>=18'}
    cpu: [arm64]
    os: [win32]

  '@esbuild/win32-ia32@0.28.1':
    resolution: {integrity: sha512-zvb/mB2bSCoJOpoCBgYKKpX6YM6mJBlBUVUtVj41DlZJVEB6/0CKlRYxP5wWl1C1ILiCoAU5wZZ4q1P3qeS6Eg==}
    engines: {node: '>=18'}
    cpu: [ia32]
    os: [win32]

  '@esbuild/win32-x64@0.28.1':
    resolution: {integrity: sha512-bm4Mowrv+GXMlpWX++EcXw/iLyd1o3+bJkC2DkWXYVvgZCqD/bSj9ctZeAMC3cIxgjRVR2Dufaiu4YPxr5gW1A==}
    engines: {node: '>=18'}
    cpu: [x64]
    os: [win32]

  '@smithy/core@3.29.1':
    resolution: {integrity: sha512-qoiY4nrk5OCu1+eIR1VB8l5DmON/oKiqrd5zZFAhXJXjJlLWQusKEW/SkBDAtGDcPaz86m9kfcE1lngU0GlM6A==}
    engines: {node: '>=18.0.0'}

  '@smithy/credential-provider-imds@4.4.6':
    resolution: {integrity: sha512-B2WQ/PV/H6Jeg3lrIq6bKUfa6Hy01mtK7CGs6lhjzHA6k4aagldH6T6eEjnzKl4HI0cJnAsxfJ19pgb5PV+CVQ==}
    engines: {node: '>=18.0.0'}

  '@smithy/fetch-http-handler@5.6.3':
    resolution: {integrity: sha512-CwCc/7SMTj45y97MUnDTbTaxvtAsiNNRm81z3abROIuMbMsC2Iy5EKfkkVdsKrz8WExQAAMx1EJapq+9j4fFTQ==}
    engines: {node: '>=18.0.0'}

  '@smithy/node-http-handler@4.9.3':
    resolution: {integrity: sha512-qZTa4gQFUo8RM02rk6q5UVTDLNrQ1oS20LsepBzqq1QBVc/EHJ03OOUADcqMZiXHArW+Y7+OGY0BpdTwZRq/Yg==}
    engines: {node: '>=18.0.0'}

  '@smithy/signature-v4@5.6.2':
    resolution: {integrity: sha512-QgHflghMoPxCJ9axiCVh8KZfbC9fuP6vkXXyK//E3cq7nLaSSyyLj0GAoqVWezYeDQmXIZhmlRvLE16jsqDK6g==}
    engines: {node: '>=18.0.0'}

  '@smithy/types@4.15.1':
    resolution: {integrity: sha512-x3L0XSACF6UYzKpa9biqiRMgvH5+wnFFew9Tm/grFYqgaupPwx/+ojDPpPJM8dZON3S9tjz5U+PQYsCBd1Mw5Q==}
    engines: {node: '>=18.0.0'}

  bowser@2.14.1:
    resolution: {integrity: sha512-tzPjzCxygAKWFOJP011oxFHs57HzIhOEracIgAePE4pqB3LikALKnSzUyU4MGs9/iCEUuHlAJTjTc5M+u7YEGg==}

  esbuild@0.28.1:
    resolution: {integrity: sha512-HrJrvZv5ayxBzPfwphOoNzkzOIIlifzk0KJrGK2c8R4+LKpMtpYLQeUdjnwjWv/LZlkH2laZk+4w78pi99D4Vw==}
    engines: {node: '>=18'}
    hasBin: true

  tslib@2.8.1:
    resolution: {integrity: sha512-oJFu94HQb+KVduSUQL7wnpmqnfmLsOA/nAh6b6EH0wCEoK0/mPeXU6c3wKDV83MkOuHPRHtSXKKU99IBazS/2w==}

snapshots:

  '@aws-sdk/client-ec2@3.1079.0':
    dependencies:
      '@aws-sdk/core': 3.974.27
      '@aws-sdk/credential-provider-node': 3.972.62
      '@aws-sdk/middleware-sdk-ec2': 3.972.41
      '@aws-sdk/types': 3.973.15
      '@smithy/core': 3.29.1
      '@smithy/fetch-http-handler': 5.6.3
      '@smithy/node-http-handler': 4.9.3
      '@smithy/types': 4.15.1
      tslib: 2.8.1

  '@aws-sdk/core@3.974.27':
    dependencies:
      '@aws-sdk/types': 3.973.15
      '@aws-sdk/xml-builder': 3.972.33
      '@aws/lambda-invoke-store': 0.3.0
      '@smithy/core': 3.29.1
      '@smithy/signature-v4': 5.6.2
      '@smithy/types': 4.15.1
      bowser: 2.14.1
      tslib: 2.8.1

  '@aws-sdk/credential-provider-env@3.972.53':
    dependencies:
      '@aws-sdk/core': 3.974.27
      '@aws-sdk/types': 3.973.15
      '@smithy/core': 3.29.1
      '@smithy/types': 4.15.1
      tslib: 2.8.1

  '@aws-sdk/credential-provider-http@3.972.55':
    dependencies:
      '@aws-sdk/core': 3.974.27
      '@aws-sdk/types': 3.973.15
      '@smithy/core': 3.29.1
      '@smithy/fetch-http-handler': 5.6.3
      '@smithy/node-http-handler': 4.9.3
      '@smithy/types': 4.15.1
      tslib: 2.8.1

  '@aws-sdk/credential-provider-ini@3.972.60':
    dependencies:
      '@aws-sdk/core': 3.974.27
      '@aws-sdk/credential-provider-env': 3.972.53
      '@aws-sdk/credential-provider-http': 3.972.55
      '@aws-sdk/credential-provider-login': 3.972.59
      '@aws-sdk/credential-provider-process': 3.972.53
      '@aws-sdk/credential-provider-sso': 3.972.59
      '@aws-sdk/credential-provider-web-identity': 3.972.59
      '@aws-sdk/nested-clients': 3.997.27
      '@aws-sdk/types': 3.973.15
      '@smithy/core': 3.29.1
      '@smithy/credential-provider-imds': 4.4.6
      '@smithy/types': 4.15.1
      tslib: 2.8.1

  '@aws-sdk/credential-provider-login@3.972.59':
    dependencies:
      '@aws-sdk/core': 3.974.27
      '@aws-sdk/nested-clients': 3.997.27
      '@aws-sdk/types': 3.973.15
      '@smithy/core': 3.29.1
      '@smithy/types': 4.15.1
      tslib: 2.8.1

  '@aws-sdk/credential-provider-node@3.972.62':
    dependencies:
      '@aws-sdk/credential-provider-env': 3.972.53
      '@aws-sdk/credential-provider-http': 3.972.55
      '@aws-sdk/credential-provider-ini': 3.972.60
      '@aws-sdk/credential-provider-process': 3.972.53
      '@aws-sdk/credential-provider-sso': 3.972.59
      '@aws-sdk/credential-provider-web-identity': 3.972.59
      '@aws-sdk/types': 3.973.15
      '@smithy/core': 3.29.1
      '@smithy/credential-provider-imds': 4.4.6
      '@smithy/types': 4.15.1
      tslib: 2.8.1

  '@aws-sdk/credential-provider-process@3.972.53':
    dependencies:
      '@aws-sdk/core': 3.974.27
      '@aws-sdk/types': 3.973.15
      '@smithy/core': 3.29.1
      '@smithy/types': 4.15.1
      tslib: 2.8.1

  '@aws-sdk/credential-provider-sso@3.972.59':
    dependencies:
      '@aws-sdk/core': 3.974.27
      '@aws-sdk/nested-clients': 3.997.27
      '@aws-sdk/token-providers': 3.1079.0
      '@aws-sdk/types': 3.973.15
      '@smithy/core': 3.29.1
      '@smithy/types': 4.15.1
      tslib: 2.8.1

  '@aws-sdk/credential-provider-web-identity@3.972.59':
    dependencies:
      '@aws-sdk/core': 3.974.27
      '@aws-sdk/nested-clients': 3.997.27
      '@aws-sdk/types': 3.973.15
      '@smithy/core': 3.29.1
      '@smithy/types': 4.15.1
      tslib: 2.8.1

  '@aws-sdk/middleware-sdk-ec2@3.972.41':
    dependencies:
      '@aws-sdk/core': 3.974.27
      '@aws-sdk/types': 3.973.15
      '@smithy/core': 3.29.1
      '@smithy/signature-v4': 5.6.2
      '@smithy/types': 4.15.1
      tslib: 2.8.1

  '@aws-sdk/nested-clients@3.997.27':
    dependencies:
      '@aws-sdk/core': 3.974.27
      '@aws-sdk/signature-v4-multi-region': 3.996.38
      '@aws-sdk/types': 3.973.15
      '@smithy/core': 3.29.1
      '@smithy/fetch-http-handler': 5.6.3
      '@smithy/node-http-handler': 4.9.3
      '@smithy/types': 4.15.1
      tslib: 2.8.1

  '@aws-sdk/signature-v4-multi-region@3.996.38':
    dependencies:
      '@aws-sdk/types': 3.973.15
      '@smithy/signature-v4': 5.6.2
      '@smithy/types': 4.15.1
      tslib: 2.8.1

  '@aws-sdk/token-providers@3.1079.0':
    dependencies:
      '@aws-sdk/core': 3.974.27
      '@aws-sdk/nested-clients': 3.997.27
      '@aws-sdk/types': 3.973.15
      '@smithy/core': 3.29.1
      '@smithy/types': 4.15.1
      tslib: 2.8.1

  '@aws-sdk/types@3.973.15':
    dependencies:
      '@smithy/types': 4.15.1
      tslib: 2.8.1

  '@aws-sdk/xml-builder@3.972.33':
    dependencies:
      '@smithy/types': 4.15.1
      tslib: 2.8.1

  '@aws/lambda-invoke-store@0.3.0': {}

  '@esbuild/aix-ppc64@0.28.1':
    optional: true

  '@esbuild/android-arm64@0.28.1':
    optional: true

  '@esbuild/android-arm@0.28.1':
    optional: true

  '@esbuild/android-x64@0.28.1':
    optional: true

  '@esbuild/darwin-arm64@0.28.1':
    optional: true

  '@esbuild/darwin-x64@0.28.1':
    optional: true

  '@esbuild/freebsd-arm64@0.28.1':
    optional: true

  '@esbuild/freebsd-x64@0.28.1':
    optional: true

  '@esbuild/linux-arm64@0.28.1':
    optional: true

  '@esbuild/linux-arm@0.28.1':
    optional: true

  '@esbuild/linux-ia32@0.28.1':
    optional: true

  '@esbuild/linux-loong64@0.28.1':
    optional: true

  '@esbuild/linux-mips64el@0.28.1':
    optional: true

  '@esbuild/linux-ppc64@0.28.1':
    optional: true

  '@esbuild/linux-riscv64@0.28.1':
    optional: true

  '@esbuild/linux-s390x@0.28.1':
    optional: true

  '@esbuild/linux-x64@0.28.1':
    optional: true

  '@esbuild/netbsd-arm64@0.28.1':
    optional: true

  '@esbuild/netbsd-x64@0.28.1':
    optional: true

  '@esbuild/openbsd-arm64@0.28.1':
    optional: true

  '@esbuild/openbsd-x64@0.28.1':
    optional: true

  '@esbuild/openharmony-arm64@0.28.1':
    optional: true

  '@esbuild/sunos-x64@0.28.1':
    optional: true

  '@esbuild/win32-arm64@0.28.1':
    optional: true

  '@esbuild/win32-ia32@0.28.1':
    optional: true

  '@esbuild/win32-x64@0.28.1':
    optional: true

  '@smithy/core@3.29.1':
    dependencies:
      '@smithy/types': 4.15.1
      tslib: 2.8.1

  '@smithy/credential-provider-imds@4.4.6':
    dependencies:
      '@smithy/core': 3.29.1
      '@smithy/types': 4.15.1
      tslib: 2.8.1

  '@smithy/fetch-http-handler@5.6.3':
    dependencies:
      '@smithy/core': 3.29.1
      '@smithy/types': 4.15.1
      tslib: 2.8.1

  '@smithy/node-http-handler@4.9.3':
    dependencies:
      '@smithy/core': 3.29.1
      '@smithy/types': 4.15.1
      tslib: 2.8.1

  '@smithy/signature-v4@5.6.2':
    dependencies:
      '@smithy/core': 3.29.1
      '@smithy/types': 4.15.1
      tslib: 2.8.1

  '@smithy/types@4.15.1':
    dependencies:
      tslib: 2.8.1

  bowser@2.14.1: {}

  esbuild@0.28.1:
    optionalDependencies:
      '@esbuild/aix-ppc64': 0.28.1
      '@esbuild/android-arm': 0.28.1
      '@esbuild/android-arm64': 0.28.1
      '@esbuild/android-x64': 0.28.1
      '@esbuild/darwin-arm64': 0.28.1
      '@esbuild/darwin-x64': 0.28.1
      '@esbuild/freebsd-arm64': 0.28.1
      '@esbuild/freebsd-x64': 0.28.1
      '@esbuild/linux-arm': 0.28.1
      '@esbuild/linux-arm64': 0.28.1
      '@esbuild/linux-ia32': 0.28.1
      '@esbuild/linux-loong64': 0.28.1
      '@esbuild/linux-mips64el': 0.28.1
      '@esbuild/linux-ppc64': 0.28.1
      '@esbuild/linux-riscv64': 0.28.1
      '@esbuild/linux-s390x': 0.28.1
      '@esbuild/linux-x64': 0.28.1
      '@esbuild/netbsd-arm64': 0.28.1
      '@esbuild/netbsd-x64': 0.28.1
      '@esbuild/openbsd-arm64': 0.28.1
      '@esbuild/openbsd-x64': 0.28.1
      '@esbuild/openharmony-arm64': 0.28.1
      '@esbuild/sunos-x64': 0.28.1
      '@esbuild/win32-arm64': 0.28.1
      '@esbuild/win32-ia32': 0.28.1
      '@esbuild/win32-x64': 0.28.1

  tslib@2.8.1: {}
